Microsoft Visual Studio Solution File, Format Version 12.00
# Visual Studio Version 16
VisualStudioVersion = 16.0.29519.87
MinimumVisualStudioVersion = 10.0.40219.1
Project("{FAE04EC0-301F-11D3-BF4B-00C04F79EFBC}") = "git-advanced", "git-advanced\git-advanced.csproj", "{B8CF85BD-6FAA-496E-BFA4-8930C0512D9E}"
EndProject
Global
	GlobalSection(SolutionConfigurationPlatforms) = preSolution
		Debug|anycpu = Debug|anycpu
		Release|anycpu = Release|anycpu
	EndGlobalSection
	GlobalSection(ProjectConfigurationPlatforms) = postSolution
		{B8CF85BD-6FAA-496E-BFA4-8930C0512D9E}.Debug|anycpu.ActiveCfg = Debug|Any CPU
		{B8CF85BD-6FAA-496E-BFA4-8930C0512D9E}.Debug|anycpu.Build.0 = Debug|Any CPU
		{B8CF85BD-6FAA-496E-BFA4-8930C0512D9E}.Release|anycpu.ActiveCfg = Release|Any CPU
		{B8CF85BD-6FAA-496E-BFA4-8930C0512D9E}.Release|anycpu.Build.0 = Release|Any CPU
	EndGlobalSection
	GlobalSection(SolutionProperties) = preSolution
		HideSolutionNode = FALSE
	EndGlobalSection
	GlobalSection(ExtensibilityGlobals) = postSolution
		SolutionGuid = {C77415BC-42BA-4E16-A380-01D5AEAF1844}
	EndGlobalSection
EndGlobal
